
Microsoft Visual Studio Solution File, Format Version 12.00
# Visual Studio 14
VisualStudioVersion = 14.0.25420.1
MinimumVisualStudioVersion = 10.0.40219.1
Project("{FAE04EC0-301F-11D3-BF4B-00C04F79EFBC}") = "registration", "registration\registration.csproj", "{0A9DB9A1-6ED3-47AE-8825-903C2FF5DE07}"
EndProject
Project("{FAE04EC0-301F-11D3-BF4B-00C04F79EFBC}") = "ASP Workshop", "ASP Workshop\ASP Workshop.csproj", "{3043D8F2-2790-4F13-A04F-933960B6B25F}"
EndProject
Global
	GlobalSection(SolutionConfigurationPlatforms) = preSolution
		Debug|Any CPU = Debug|Any CPU
		Release|Any CPU = Release|Any CPU
	EndGlobalSection
	GlobalSection(ProjectConfigurationPlatforms) = postSolution
		{0A9DB9A1-6ED3-47AE-8825-903C2FF5DE07}.Debug|Any CPU.ActiveCfg = Debug|Any CPU
		{0A9DB9A1-6ED3-47AE-8825-903C2FF5DE07}.Debug|Any CPU.Build.0 = Debug|Any CPU
		{0A9DB9A1-6ED3-47AE-8825-903C2FF5DE07}.Release|Any CPU.ActiveCfg = Release|Any CPU
		{0A9DB9A1-6ED3-47AE-8825-903C2FF5DE07}.Release|Any CPU.Build.0 = Release|Any CPU
		{3043D8F2-2790-4F13-A04F-933960B6B25F}.Debug|Any CPU.ActiveCfg = Debug|Any CPU
		{3043D8F2-2790-4F13-A04F-933960B6B25F}.Debug|Any CPU.Build.0 = Debug|Any CPU
		{3043D8F2-2790-4F13-A04F-933960B6B25F}.Release|Any CPU.ActiveCfg = Release|Any CPU
		{3043D8F2-2790-4F13-A04F-933960B6B25F}.Release|Any CPU.Build.0 = Release|Any CPU
	EndGlobalSection
	GlobalSection(SolutionProperties) = preSolution
		HideSolutionNode = FALSE
	EndGlobalSection
EndGlobal
